
Microsoft Visual Studio Solution File, Format Version 12.00
# Visual Studio Version 17
VisualStudioVersion = 17.5.002.0
MinimumVisualStudioVersion = 10.0.40219.1
Project("{9A19103F-16F7-4668-BE54-9A1E7A4F7556}") = "Extensions", "Extensions.csproj", "{8A3E4853-51C3-40D6-9021-A5CED07EBFA9}"
EndProject
Project("{2150E333-8FDC-42A3-9474-1A3956D46DE8}") = "david_bonsai", "david_bonsai", "{6247E59B-1FA6-4B02-B942-300FC6FAF420}"
EndProject
Project("{9A19103F-16F7-4668-BE54-9A1E7A4F7556}") = "Extensions", "david_bonsai\workflows\Extensions.csproj", "{F451777E-4EEC-4C47-A465-A4870487317E}"
EndProject
Global
	GlobalSection(SolutionConfigurationPlatforms) = preSolution
		Debug|Any CPU = Debug|Any CPU
		Release|Any CPU = Release|Any CPU
	EndGlobalSection
	GlobalSection(ProjectConfigurationPlatforms) = postSolution
		{8A3E4853-51C3-40D6-9021-A5CED07EBFA9}.Debug|Any CPU.ActiveCfg = Debug|Any CPU
		{8A3E4853-51C3-40D6-9021-A5CED07EBFA9}.Debug|Any CPU.Build.0 = Debug|Any CPU
		{8A3E4853-51C3-40D6-9021-A5CED07EBFA9}.Release|Any CPU.ActiveCfg = Release|Any CPU
		{8A3E4853-51C3-40D6-9021-A5CED07EBFA9}.Release|Any CPU.Build.0 = Release|Any CPU
		{F451777E-4EEC-4C47-A465-A4870487317E}.Debug|Any CPU.ActiveCfg = Debug|Any CPU
		{F451777E-4EEC-4C47-A465-A4870487317E}.Debug|Any CPU.Build.0 = Debug|Any CPU
		{F451777E-4EEC-4C47-A465-A4870487317E}.Release|Any CPU.ActiveCfg = Release|Any CPU
		{F451777E-4EEC-4C47-A465-A4870487317E}.Release|Any CPU.Build.0 = Release|Any CPU
	EndGlobalSection
	GlobalSection(SolutionProperties) = preSolution
		HideSolutionNode = FALSE
	EndGlobalSection
	GlobalSection(NestedProjects) = preSolution
		{F451777E-4EEC-4C47-A465-A4870487317E} = {6247E59B-1FA6-4B02-B942-300FC6FAF420}
	EndGlobalSection
	GlobalSection(ExtensibilityGlobals) = postSolution
		SolutionGuid = {DAB80D49-C25F-4515-A906-2355638D5620}
	EndGlobalSection
EndGlobal
